// !$*UTF8*$!
{
	archiveVersion = 1;
	classes = {
	};
	objectVersion = 50;
	objects = {

/* Begin PBXBuildFile section */
		AA07044D21BE957F00A4B213 /* rain.mp3 in Resources */ = {isa = PBXBuildFile; fileRef = AA07044C21BE957F00A4B213 /* rain.mp3 */; };
		AA8ADFAD21B6671F0052CE0D /* AppDelegate.swift in Sources */ = {isa = PBXBuildFile; fileRef = AA8ADFAC21B6671F0052CE0D /* AppDelegate.swift */; };
		AA8ADFAF21B6671F0052CE0D /* ViewController.swift in Sources */ = {isa = PBXBuildFile; fileRef = AA8ADFAE21B6671F0052CE0D /* ViewController.swift */; };
		AA8ADFB221B6671F0052CE0D /* Main.storyboard in Resources */ = {isa = PBXBuildFile; fileRef = AA8ADFB021B6671F0052CE0D /* Main.storyboard */; };
		AA8ADFB421B667210052CE0D /* Assets.xcassets in Resources */ = {isa = PBXBuildFile; fileRef = AA8ADFB321B667210052CE0D /* Assets.xcassets */; };
		AA8ADFB721B667210052CE0D /* LaunchScreen.storyboard in Resources */ = {isa = PBXBuildFile; fileRef = AA8ADFB521B667210052CE0D /* LaunchScreen.storyboard */; };
		AA8ADFC221B667210052CE0D /* SoundableTests.swift in Sources */ = {isa = PBXBuildFile; fileRef = AA8ADFC121B667210052CE0D /* SoundableTests.swift */; };
		AA8ADFD021B6697E0052CE0D /* Soundable.swift in Sources */ = {isa = PBXBuildFile; fileRef = AA8ADFCF21B6697E0052CE0D /* Soundable.swift */; };
		AA8ADFD221B669990052CE0D /* Sound.swift in Sources */ = {isa = PBXBuildFile; fileRef = AA8ADFD121B669990052CE0D /* Sound.swift */; };
		AA8ADFD421B672E70052CE0D /* SBError.swift in Sources */ = {isa = PBXBuildFile; fileRef = AA8ADFD321B672E70052CE0D /* SBError.swift */; };
		AAA259AD21B7D6FB00E07F5A /* guitar-chord.wav in Resources */ = {isa = PBXBuildFile; fileRef = AAA259AA21B7D6FB00E07F5A /* guitar-chord.wav */; };
		AAA259AE21B7D6FB00E07F5A /* guitar-songs.mp3 in Resources */ = {isa = PBXBuildFile; fileRef = AAA259AB21B7D6FB00E07F5A /* guitar-songs.mp3 */; };
		AAA259AF21B7D6FB00E07F5A /* nature.mp3 in Resources */ = {isa = PBXBuildFile; fileRef = AAA259AC21B7D6FB00E07F5A /* nature.mp3 */; };
		AAA259B321B81C7E00E07F5A /* SoundsQueue.swift in Sources */ = {isa = PBXBuildFile; fileRef = AAA259B221B81C7E00E07F5A /* SoundsQueue.swift */; };
		AAB29E3A21BE8DF70046D2DA /* SoundCell.swift in Sources */ = {isa = PBXBuildFile; fileRef = AAB29E3921BE8DF70046D2DA /* SoundCell.swift */; };
		E91FB40021BD69950048456E /* Playable.swift in Sources */ = {isa = PBXBuildFile; fileRef = E91FB3FF21BD69950048456E /* Playable.swift */; };
		E91FB40521BDD8910048456E /* water-stream.wav in Resources */ = {isa = PBXBuildFile; fileRef = E91FB40321BDD8910048456E /* water-stream.wav */; };
		E91FB40621BDD8910048456E /* rain-thunder.ogg in Resources */ = {isa = PBXBuildFile; fileRef = E91FB40421BDD8910048456E /* rain-thunder.ogg */; };
/* End PBXBuildFile section */

/* Begin PBXContainerItemProxy section */
		AA8ADFBE21B667210052CE0D /* PBXContainerItemProxy */ = {
			isa = PBXContainerItemProxy;
			containerPortal = AA8ADFA121B6671F0052CE0D /* Project object */;
			proxyType = 1;
			remoteGlobalIDString = AA8ADFA821B6671F0052CE0D;
			remoteInfo = Soundable;
		};
/* End PBXContainerItemProxy section */

/* Begin PBXFileReference section */
		AA07044C21BE957F00A4B213 /* rain.mp3 */ = {isa = PBXFileReference; lastKnownFileType = audio.mp3; path = rain.mp3; sourceTree = "<group>"; };
		AA8ADFA921B6671F0052CE0D /* Soundable.app */ = {isa = PBXFileReference; explicitFileType = wrapper.application; includeInIndex = 0; path = Soundable.app; sourceTree = BUILT_PRODUCTS_DIR; };
		AA8ADFAC21B6671F0052CE0D /* AppDelegate.swift */ = {isa = PBXFileReference; lastKnownFileType = sourcecode.swift; path = AppDelegate.swift; sourceTree = "<group>"; };
		AA8ADFAE21B6671F0052CE0D /* ViewController.swift */ = {isa = PBXFileReference; lastKnownFileType = sourcecode.swift; path = ViewController.swift; sourceTree = "<group>"; };
		AA8ADFB121B6671F0052CE0D /* Base */ = {isa = PBXFileReference; lastKnownFileType = file.storyboard; name = Base; path = Base.lproj/Main.storyboard; sourceTree = "<group>"; };
		AA8ADFB321B667210052CE0D /* Assets.xcassets */ = {isa = PBXFileReference; lastKnownFileType = folder.assetcatalog; path = Assets.xcassets; sourceTree = "<group>"; };
		AA8ADFB621B667210052CE0D /* Base */ = {isa = PBXFileReference; lastKnownFileType = file.storyboard; name = Base; path = Base.lproj/LaunchScreen.storyboard; sourceTree = "<group>"; };
		AA8ADFB821B667210052CE0D /* Info.plist */ = {isa = PBXFileReference; lastKnownFileType = text.plist.xml; path = Info.plist; sourceTree = "<group>"; };
		AA8ADFBD21B667210052CE0D /* SoundableTests.xctest */ = {isa = PBXFileReference; explicitFileType = wrapper.cfbundle; includeInIndex = 0; path = SoundableTests.xctest; sourceTree = BUILT_PRODUCTS_DIR; };
		AA8ADFC121B667210052CE0D /* SoundableTests.swift */ = {isa = PBXFileReference; lastKnownFileType = sourcecode.swift; path = SoundableTests.swift; sourceTree = "<group>"; };
		AA8ADFC321B667210052CE0D /* Info.plist */ = {isa = PBXFileReference; lastKnownFileType = text.plist.xml; path = Info.plist; sourceTree = "<group>"; };
		AA8ADFCF21B6697E0052CE0D /* Soundable.swift */ = {isa = PBXFileReference; lastKnownFileType = sourcecode.swift; path = Soundable.swift; sourceTree = "<group>"; };
		AA8ADFD121B669990052CE0D /* Sound.swift */ = {isa = PBXFileReference; lastKnownFileType = sourcecode.swift; path = Sound.swift; sourceTree = "<group>"; };
		AA8ADFD321B672E70052CE0D /* SBError.swift */ = {isa = PBXFileReference; lastKnownFileType = sourcecode.swift; path = SBError.swift; sourceTree = "<group>"; };
		AAA259AA21B7D6FB00E07F5A /* guitar-chord.wav */ = {isa = PBXFileReference; lastKnownFileType = audio.wav; path = "guitar-chord.wav"; sourceTree = "<group>"; };
		AAA259AB21B7D6FB00E07F5A /* guitar-songs.mp3 */ = {isa = PBXFileReference; lastKnownFileType = audio.mp3; path = "guitar-songs.mp3"; sourceTree = "<group>"; };
		AAA259AC21B7D6FB00E07F5A /* nature.mp3 */ = {isa = PBXFileReference; lastKnownFileType = audio.mp3; path = nature.mp3; sourceTree = "<group>"; };
		AAA259B221B81C7E00E07F5A /* SoundsQueue.swift */ = {isa = PBXFileReference; lastKnownFileType = sourcecode.swift; path = SoundsQueue.swift; sourceTree = "<group>"; };
		AAB29E3921BE8DF70046D2DA /* SoundCell.swift */ = {isa = PBXFileReference; lastKnownFileType = sourcecode.swift; path = SoundCell.swift; sourceTree = "<group>"; };
		E91FB3FF21BD69950048456E /* Playable.swift */ = {isa = PBXFileReference; lastKnownFileType = sourcecode.swift; path = Playable.swift; sourceTree = "<group>"; };
		E91FB40321BDD8910048456E /* water-stream.wav */ = {isa = PBXFileReference; lastKnownFileType = audio.wav; path = "water-stream.wav"; sourceTree = "<group>"; };
		E91FB40421BDD8910048456E /* rain-thunder.ogg */ = {isa = PBXFileReference; lastKnownFileType = file; path = "rain-thunder.ogg"; sourceTree = "<group>"; };
/* End PBXFileReference section */

/* Begin PBXFrameworksBuildPhase section */
		AA8ADFA621B6671F0052CE0D /* Frameworks */ = {
			isa = PBXFrameworksBuildPhase;
			buildActionMask = 2147483647;
			files = (
			);
			runOnlyForDeploymentPostprocessing = 0;
		};
		AA8ADFBA21B667210052CE0D /* Frameworks */ = {
			isa = PBXFrameworksBuildPhase;
			buildActionMask = 2147483647;
			files = (
			);
			runOnlyForDeploymentPostprocessing = 0;
		};
/* End PBXFrameworksBuildPhase section */

/* Begin PBXGroup section */
		AA8ADFA021B6671F0052CE0D = {
			isa = PBXGroup;
			children = (
				AA8ADFAB21B6671F0052CE0D /* Soundable */,
				AA8ADFC021B667210052CE0D /* SoundableTests */,
				AA8ADFAA21B6671F0052CE0D /* Products */,
			);
			sourceTree = "<group>";
		};
		AA8ADFAA21B6671F0052CE0D /* Products */ = {
			isa = PBXGroup;
			children = (
				AA8ADFA921B6671F0052CE0D /* Soundable.app */,
				AA8ADFBD21B667210052CE0D /* SoundableTests.xctest */,
			);
			name = Products;
			sourceTree = "<group>";
		};
		AA8ADFAB21B6671F0052CE0D /* Soundable */ = {
			isa = PBXGroup;
			children = (
				AA8ADFAC21B6671F0052CE0D /* AppDelegate.swift */,
				AA8ADFAE21B6671F0052CE0D /* ViewController.swift */,
				AAB29E3921BE8DF70046D2DA /* SoundCell.swift */,
				AA8ADFCE21B667870052CE0D /* Source */,
				AA8ADFCC21B6674D0052CE0D /* Resources */,
				AA8ADFCD21B667680052CE0D /* Supporting files */,
			);
			path = Soundable;
			sourceTree = "<group>";
		};
		AA8ADFC021B667210052CE0D /* SoundableTests */ = {
			isa = PBXGroup;
			children = (
				AA8ADFC121B667210052CE0D /* SoundableTests.swift */,
				AA8ADFC321B667210052CE0D /* Info.plist */,
			);
			path = SoundableTests;
			sourceTree = "<group>";
		};
		AA8ADFCC21B6674D0052CE0D /* Resources */ = {
			isa = PBXGroup;
			children = (
				AAA259A921B7D6A700E07F5A /* Sounds */,
				AA8ADFB321B667210052CE0D /* Assets.xcassets */,
				AA8ADFB521B667210052CE0D /* LaunchScreen.storyboard */,
				AA8ADFB021B6671F0052CE0D /* Main.storyboard */,
			);
			path = Resources;
			sourceTree = "<group>";
		};
		AA8ADFCD21B667680052CE0D /* Supporting files */ = {
			isa = PBXGroup;
			children = (
				AA8ADFB821B667210052CE0D /* Info.plist */,
			);
			path = "Supporting files";
			sourceTree = "<group>";
		};
		AA8ADFCE21B667870052CE0D /* Source */ = {
			isa = PBXGroup;
			children = (
				AA8ADFCF21B6697E0052CE0D /* Soundable.swift */,
				AAA259B221B81C7E00E07F5A /* SoundsQueue.swift */,
				AA8ADFD121B669990052CE0D /* Sound.swift */,
				E91FB3FF21BD69950048456E /* Playable.swift */,
				AA8ADFD321B672E70052CE0D /* SBError.swift */,
			);
			name = Source;
			path = ../Source;
			sourceTree = "<group>";
		};
		AAA259A921B7D6A700E07F5A /* Sounds */ = {
			isa = PBXGroup;
			children = (
				AAA259AA21B7D6FB00E07F5A /* guitar-chord.wav */,
				AAA259AB21B7D6FB00E07F5A /* guitar-songs.mp3 */,
				AAA259AC21B7D6FB00E07F5A /* nature.mp3 */,
				E91FB40421BDD8910048456E /* rain-thunder.ogg */,
				AA07044C21BE957F00A4B213 /* rain.mp3 */,
				E91FB40321BDD8910048456E /* water-stream.wav */,
			);
			path = Sounds;
			sourceTree = "<group>";
		};
/* End PBXGroup section */

/* Begin PBXNativeTarget section */
		AA8ADFA821B6671F0052CE0D /* Soundable */ = {
			isa = PBXNativeTarget;
			buildConfigurationList = AA8ADFC621B667210052CE0D /* Build configuration list for PBXNativeTarget "Soundable" */;
			buildPhases = (
				AA8ADFA521B6671F0052CE0D /* Sources */,
				AA8ADFA621B6671F0052CE0D /* Frameworks */,
				AA8ADFA721B6671F0052CE0D /* Resources */,
			);
			buildRules = (
			);
			dependencies = (
			);
			name = Soundable;
			productName = Soundable;
			productReference = AA8ADFA921B6671F0052CE0D /* Soundable.app */;
			productType = "com.apple.product-type.application";
		};
		AA8ADFBC21B667210052CE0D /* SoundableTests */ = {
			isa = PBXNativeTarget;
			buildConfigurationList = AA8ADFC921B667210052CE0D /* Build configuration list for PBXNativeTarget "SoundableTests" */;
			buildPhases = (
				AA8ADFB921B667210052CE0D /* Sources */,
				AA8ADFBA21B667210052CE0D /* Frameworks */,
				AA8ADFBB21B667210052CE0D /* Resources */,
			);
			buildRules = (
			);
			dependencies = (
				AA8ADFBF21B667210052CE0D /* PBXTargetDependency */,
			);
			name = SoundableTests;
			productName = SoundableTests;
			productReference = AA8ADFBD21B667210052CE0D /* SoundableTests.xctest */;
			productType = "com.apple.product-type.bundle.unit-test";
		};
/* End PBXNativeTarget section */

/* Begin PBXProject section */
		AA8ADFA121B6671F0052CE0D /* Project object */ = {
			isa = PBXProject;
			attributes = {
				LastSwiftUpdateCheck = 1010;
				LastUpgradeCheck = 1010;
				ORGANIZATIONNAME = ThXou;
				TargetAttributes = {
					AA8ADFA821B6671F0052CE0D = {
						CreatedOnToolsVersion = 10.1;
					};
					AA8ADFBC21B667210052CE0D = {
						CreatedOnToolsVersion = 10.1;
						TestTargetID = AA8ADFA821B6671F0052CE0D;
					};
				};
			};
			buildConfigurationList = AA8ADFA421B6671F0052CE0D /* Build configuration list for PBXProject "Soundable" */;
			compatibilityVersion = "Xcode 9.3";
			developmentRegion = en;
			hasScannedForEncodings = 0;
			knownRegions = (
				en,
				Base,
			);
			mainGroup = AA8ADFA021B6671F0052CE0D;
			productRefGroup = AA8ADFAA21B6671F0052CE0D /* Products */;
			projectDirPath = "";
			projectRoot = "";
			targets = (
				AA8ADFA821B6671F0052CE0D /* Soundable */,
				AA8ADFBC21B667210052CE0D /* SoundableTests */,
			);
		};
/* End PBXProject section */

/* Begin PBXResourcesBuildPhase section */
		AA8ADFA721B6671F0052CE0D /* Resources */ = {
			isa = PBXResourcesBuildPhase;
			buildActionMask = 2147483647;
			files = (
				E91FB40521BDD8910048456E /* water-stream.wav in Resources */,
				AA8ADFB721B667210052CE0D /* LaunchScreen.storyboard in Resources */,
				AA07044D21BE957F00A4B213 /* rain.mp3 in Resources */,
				AAA259AF21B7D6FB00E07F5A /* nature.mp3 in Resources */,
				E91FB40621BDD8910048456E /* rain-thunder.ogg in Resources */,
				AAA259AD21B7D6FB00E07F5A /* guitar-chord.wav in Resources */,
				AA8ADFB421B667210052CE0D /* Assets.xcassets in Resources */,
				AAA259AE21B7D6FB00E07F5A /* guitar-songs.mp3 in Resources */,
				AA8ADFB221B6671F0052CE0D /* Main.storyboard in Resources */,
			);
			runOnlyForDeploymentPostprocessing = 0;
		};
		AA8ADFBB21B667210052CE0D /* Resources */ = {
			isa = PBXResourcesBuildPhase;
			buildActionMask = 2147483647;
			files = (
			);
			runOnlyForDeploymentPostprocessing = 0;
		};
/* End PBXResourcesBuildPhase section */

/* Begin PBXSourcesBuildPhase section */
		AA8ADFA521B6671F0052CE0D /* Sources */ = {
			isa = PBXSourcesBuildPhase;
			buildActionMask = 2147483647;
			files = (
				AA8ADFD021B6697E0052CE0D /* Soundable.swift in Sources */,
				AAA259B321B81C7E00E07F5A /* SoundsQueue.swift in Sources */,
				AA8ADFAF21B6671F0052CE0D /* ViewController.swift in Sources */,
				AAB29E3A21BE8DF70046D2DA /* SoundCell.swift in Sources */,
				AA8ADFD421B672E70052CE0D /* SBError.swift in Sources */,
				AA8ADFAD21B6671F0052CE0D /* AppDelegate.swift in Sources */,
				AA8ADFD221B669990052CE0D /* Sound.swift in Sources */,
				E91FB40021BD69950048456E /* Playable.swift in Sources */,
			);
			runOnlyForDeploymentPostprocessing = 0;
		};
		AA8ADFB921B667210052CE0D /* Sources */ = {
			isa = PBXSourcesBuildPhase;
			buildActionMask = 2147483647;
			files = (
				AA8ADFC221B667210052CE0D /* SoundableTests.swift in Sources */,
			);
			runOnlyForDeploymentPostprocessing = 0;
		};
/* End PBXSourcesBuildPhase section */

/* Begin PBXTargetDependency section */
		AA8ADFBF21B667210052CE0D /* PBXTargetDependency */ = {
			isa = PBXTargetDependency;
			target = AA8ADFA821B6671F0052CE0D /* Soundable */;
			targetProxy = AA8ADFBE21B667210052CE0D /* PBXContainerItemProxy */;
		};
/* End PBXTargetDependency section */

/* Begin PBXVariantGroup section */
		AA8ADFB021B6671F0052CE0D /* Main.storyboard */ = {
			isa = PBXVariantGroup;
			children = (
				AA8ADFB121B6671F0052CE0D /* Base */,
			);
			name = Main.storyboard;
			sourceTree = "<group>";
		};
		AA8ADFB521B667210052CE0D /* LaunchScreen.storyboard */ = {
			isa = PBXVariantGroup;
			children = (
				AA8ADFB621B667210052CE0D /* Base */,
			);
			name = LaunchScreen.storyboard;
			sourceTree = "<group>";
		};
/* End PBXVariantGroup section */

/* Begin XCBuildConfiguration section */
		AA8ADFC421B667210052CE0D /* Debug */ = {
			isa = XCBuildConfiguration;
			buildSettings = {
				ALWAYS_SEARCH_USER_PATHS = NO;
				CLANG_ANALYZER_NONNULL = YES;
				CLANG_ANALYZER_NUMBER_OBJECT_CONVERSION = YES_AGGRESSIVE;
				CLANG_CXX_LANGUAGE_STANDARD = "gnu++14";
				CLANG_CXX_LIBRARY = "libc++";
				CLANG_ENABLE_MODULES = YES;
				CLANG_ENABLE_OBJC_ARC = YES;
				CLANG_ENABLE_OBJC_WEAK = YES;
				CLANG_WARN_BLOCK_CAPTURE_AUTORELEASING = YES;
				CLANG_WARN_BOOL_CONVERSION = YES;
				CLANG_WARN_COMMA = YES;
				CLANG_WARN_CONSTANT_CONVERSION = YES;
				CLANG_WARN_DEPRECATED_OBJC_IMPLEMENTATIONS = YES;
				CLANG_WARN_DIRECT_OBJC_ISA_USAGE = YES_ERROR;
				CLANG_WARN_DOCUMENTATION_COMMENTS = YES;
				CLANG_WARN_EMPTY_BODY = YES;
				CLANG_WARN_ENUM_CONVERSION = YES;
				CLANG_WARN_INFINITE_RECURSION = YES;
				CLANG_WARN_INT_CONVERSION = YES;
				CLANG_WARN_NON_LITERAL_NULL_CONVERSION = YES;
				CLANG_WARN_OBJC_IMPLICIT_RETAIN_SELF = YES;
				CLANG_WARN_OBJC_LITERAL_CONVERSION = YES;
				CLANG_WARN_OBJC_ROOT_CLASS = YES_ERROR;
				CLANG_WARN_RANGE_LOOP_ANALYSIS = YES;
				CLANG_WARN_STRICT_PROTOTYPES = YES;
				CLANG_WARN_SUSPICIOUS_MOVE = YES;
				CLANG_WARN_UNGUARDED_AVAILABILITY = YES_AGGRESSIVE;
				CLANG_WARN_UNREACHABLE_CODE = YES;
				CLANG_WARN__DUPLICATE_METHOD_MATCH = YES;
				CODE_SIGN_IDENTITY = "iPhone Developer";
				COPY_PHASE_STRIP = NO;
				DEBUG_INFORMATION_FORMAT = dwarf;
				ENABLE_STRICT_OBJC_MSGSEND = YES;
				ENABLE_TESTABILITY = YES;
				GCC_C_LANGUAGE_STANDARD = gnu11;
				GCC_DYNAMIC_NO_PIC = NO;
				GCC_NO_COMMON_BLOCKS = YES;
				GCC_OPTIMIZATION_LEVEL = 0;
				GCC_PREPROCESSOR_DEFINITIONS = (
					"DEBUG=1",
					"$(inherited)",
				);
				GCC_WARN_64_TO_32_BIT_CONVERSION = YES;
				GCC_WARN_ABOUT_RETURN_TYPE = YES_ERROR;
				GCC_WARN_UNDECLARED_SELECTOR = YES;
				GCC_WARN_UNINITIALIZED_AUTOS = YES_AGGRESSIVE;
				GCC_WARN_UNUSED_FUNCTION = YES;
				GCC_WARN_UNUSED_VARIABLE = YES;
				IPHONEOS_DEPLOYMENT_TARGET = 9.0;
				MTL_ENABLE_DEBUG_INFO = INCLUDE_SOURCE;
				MTL_FAST_MATH = YES;
				ONLY_ACTIVE_ARCH = YES;
				SDKROOT = iphoneos;
				SWIFT_ACTIVE_COMPILATION_CONDITIONS = DEBUG;
				SWIFT_OPTIMIZATION_LEVEL = "-Onone";
			};
			name = Debug;
		};
		AA8ADFC521B667210052CE0D /* Release */ = {
			isa = XCBuildConfiguration;
			buildSettings = {
				ALWAYS_SEARCH_USER_PATHS = NO;
				CLANG_ANALYZER_NONNULL = YES;
				CLANG_ANALYZER_NUMBER_OBJECT_CONVERSION = YES_AGGRESSIVE;
				CLANG_CXX_LANGUAGE_STANDARD = "gnu++14";
				CLANG_CXX_LIBRARY = "libc++";
				CLANG_ENABLE_MODULES = YES;
				CLANG_ENABLE_OBJC_ARC = YES;
				CLANG_ENABLE_OBJC_WEAK = YES;
				CLANG_WARN_BLOCK_CAPTURE_AUTORELEASING = YES;
				CLANG_WARN_BOOL_CONVERSION = YES;
				CLANG_WARN_COMMA = YES;
				CLANG_WARN_CONSTANT_CONVERSION = YES;
				CLANG_WARN_DEPRECATED_OBJC_IMPLEMENTATIONS = YES;
				CLANG_WARN_DIRECT_OBJC_ISA_USAGE = YES_ERROR;
				CLANG_WARN_DOCUMENTATION_COMMENTS = YES;
				CLANG_WARN_EMPTY_BODY = YES;
				CLANG_WARN_ENUM_CONVERSION = YES;
				CLANG_WARN_INFINITE_RECURSION = YES;
				CLANG_WARN_INT_CONVERSION = YES;
				CLANG_WARN_NON_LITERAL_NULL_CONVERSION = YES;
				CLANG_WARN_OBJC_IMPLICIT_RETAIN_SELF = YES;
				CLANG_WARN_OBJC_LITERAL_CONVERSION = YES;
				CLANG_WARN_OBJC_ROOT_CLASS = YES_ERROR;
				CLANG_WARN_RANGE_LOOP_ANALYSIS = YES;
				CLANG_WARN_STRICT_PROTOTYPES = YES;
				CLANG_WARN_SUSPICIOUS_MOVE = YES;
				CLANG_WARN_UNGUARDED_AVAILABILITY = YES_AGGRESSIVE;
				CLANG_WARN_UNREACHABLE_CODE = YES;
				CLANG_WARN__DUPLICATE_METHOD_MATCH = YES;
				CODE_SIGN_IDENTITY = "iPhone Developer";
				COPY_PHASE_STRIP = NO;
				DEBUG_INFORMATION_FORMAT = "dwarf-with-dsym";
				ENABLE_NS_ASSERTIONS = NO;
				ENABLE_STRICT_OBJC_MSGSEND = YES;
				GCC_C_LANGUAGE_STANDARD = gnu11;
				GCC_NO_COMMON_BLOCKS = YES;
				GCC_WARN_64_TO_32_BIT_CONVERSION = YES;
				GCC_WARN_ABOUT_RETURN_TYPE = YES_ERROR;
				GCC_WARN_UNDECLARED_SELECTOR = YES;
				GCC_WARN_UNINITIALIZED_AUTOS = YES_AGGRESSIVE;
				GCC_WARN_UNUSED_FUNCTION = YES;
				GCC_WARN_UNUSED_VARIABLE = YES;
				IPHONEOS_DEPLOYMENT_TARGET = 9.0;
				MTL_ENABLE_DEBUG_INFO = NO;
				MTL_FAST_MATH = YES;
				SDKROOT = iphoneos;
				SWIFT_COMPILATION_MODE = wholemodule;
				SWIFT_OPTIMIZATION_LEVEL = "-O";
				VALIDATE_PRODUCT = YES;
			};
			name = Release;
		};
		AA8ADFC721B667210052CE0D /* Debug */ = {
			isa = XCBuildConfiguration;
			buildSettings = {
				ASSETCATALOG_COMPILER_APPICON_NAME = AppIcon;
				CODE_SIGN_STYLE = Automatic;
				DEVELOPMENT_TEAM = BZ3VSUA92U;
				INFOPLIST_FILE = "$(SRCROOT)/Soundable/Supporting files/Info.plist";
				LD_RUNPATH_SEARCH_PATHS = (
					"$(inherited)",
					"@executable_path/Frameworks",
				);
				PRODUCT_BUNDLE_IDENTIFIER = com.thxou.soundable;
				PRODUCT_NAME = "$(TARGET_NAME)";
				SWIFT_VERSION = 4.2;
				TARGETED_DEVICE_FAMILY = "1,2";
			};
			name = Debug;
		};
		AA8ADFC821B667210052CE0D /* Release */ = {
			isa = XCBuildConfiguration;
			buildSettings = {
				ASSETCATALOG_COMPILER_APPICON_NAME = AppIcon;
				CODE_SIGN_STYLE = Automatic;
				DEVELOPMENT_TEAM = BZ3VSUA92U;
				INFOPLIST_FILE = "$(SRCROOT)/Soundable/Supporting files/Info.plist";
				LD_RUNPATH_SEARCH_PATHS = (
					"$(inherited)",
					"@executable_path/Frameworks",
				);
				PRODUCT_BUNDLE_IDENTIFIER = com.thxou.soundable;
				PRODUCT_NAME = "$(TARGET_NAME)";
				SWIFT_VERSION = 4.2;
				TARGETED_DEVICE_FAMILY = "1,2";
			};
			name = Release;
		};
		AA8ADFCA21B667210052CE0D /* Debug */ = {
			isa = XCBuildConfiguration;
			buildSettings = {
				ALWAYS_EMBED_SWIFT_STANDARD_LIBRARIES = YES;
				BUNDLE_LOADER = "$(TEST_HOST)";
				CODE_SIGN_STYLE = Automatic;
				DEVELOPMENT_TEAM = BZ3VSUA92U;
				INFOPLIST_FILE = SoundableTests/Info.plist;
				LD_RUNPATH_SEARCH_PATHS = (
					"$(inherited)",
					"@executable_path/Frameworks",
					"@loader_path/Frameworks",
				);
				PRODUCT_BUNDLE_IDENTIFIER = com.thxou.SoundableTests;
				PRODUCT_NAME = "$(TARGET_NAME)";
				SWIFT_VERSION = 4.2;
				TARGETED_DEVICE_FAMILY = "1,2";
				TEST_HOST = "$(BUILT_PRODUCTS_DIR)/Soundable.app/Soundable";
			};
			name = Debug;
		};
		AA8ADFCB21B667210052CE0D /* Release */ = {
			isa = XCBuildConfiguration;
			buildSettings = {
				ALWAYS_EMBED_SWIFT_STANDARD_LIBRARIES = YES;
				BUNDLE_LOADER = "$(TEST_HOST)";
				CODE_SIGN_STYLE = Automatic;
				DEVELOPMENT_TEAM = BZ3VSUA92U;
				INFOPLIST_FILE = SoundableTests/Info.plist;
				LD_RUNPATH_SEARCH_PATHS = (
					"$(inherited)",
					"@executable_path/Frameworks",
					"@loader_path/Frameworks",
				);
				PRODUCT_BUNDLE_IDENTIFIER = com.thxou.SoundableTests;
				PRODUCT_NAME = "$(TARGET_NAME)";
				SWIFT_VERSION = 4.2;
				TARGETED_DEVICE_FAMILY = "1,2";
				TEST_HOST = "$(BUILT_PRODUCTS_DIR)/Soundable.app/Soundable";
			};
			name = Release;
		};
/* End XCBuildConfiguration section */

/* Begin XCConfigurationList section */
		AA8ADFA421B6671F0052CE0D /* Build configuration list for PBXProject "Soundable" */ = {
			isa = XCConfigurationList;
			buildConfigurations = (
				AA8ADFC421B667210052CE0D /* Debug */,
				AA8ADFC521B667210052CE0D /* Release */,
			);
			defaultConfigurationIsVisible = 0;
			defaultConfigurationName = Release;
		};
		AA8ADFC621B667210052CE0D /* Build configuration list for PBXNativeTarget "Soundable" */ = {
			isa = XCConfigurationList;
			buildConfigurations = (
				AA8ADFC721B667210052CE0D /* Debug */,
				AA8ADFC821B667210052CE0D /* Release */,
			);
			defaultConfigurationIsVisible = 0;
			defaultConfigurationName = Release;
		};
		AA8ADFC921B667210052CE0D /* Build configuration list for PBXNativeTarget "SoundableTests" */ = {
			isa = XCConfigurationList;
			buildConfigurations = (
				AA8ADFCA21B667210052CE0D /* Debug */,
				AA8ADFCB21B667210052CE0D /* Release */,
			);
			defaultConfigurationIsVisible = 0;
			defaultConfigurationName = Release;
		};
/* End XCConfigurationList section */
	};
	rootObject = AA8ADFA121B6671F0052CE0D /* Project object */;
}
