// !$*UTF8*$!
{
	archiveVersion = 1;
	classes = {
	};
	objectVersion = 50;
	objects = {

/* Begin PBXBuildFile section */
		AA5E3F5321C283D80087B56F /* AppDelegate.swift in Sources */ = {isa = PBXBuildFile; fileRef = AA5E3F5221C283D80087B56F /* AppDelegate.swift */; };
		AA5E3F5521C283D80087B56F /* ViewController.swift in Sources */ = {isa = PBXBuildFile; fileRef = AA5E3F5421C283D80087B56F /* ViewController.swift */; };
		AA5E3F5821C283D80087B56F /* Main.storyboard in Resources */ = {isa = PBXBuildFile; fileRef = AA5E3F5621C283D80087B56F /* Main.storyboard */; };
		AA5E3F5A21C283D90087B56F /* Assets.xcassets in Resources */ = {isa = PBXBuildFile; fileRef = AA5E3F5921C283D90087B56F /* Assets.xcassets */; };
		AA5E3F5D21C283D90087B56F /* LaunchScreen.storyboard in Resources */ = {isa = PBXBuildFile; fileRef = AA5E3F5B21C283D90087B56F /* LaunchScreen.storyboard */; };
		AA5E3FBA21C28DBA0087B56F /* SoundCell.swift in Sources */ = {isa = PBXBuildFile; fileRef = AA5E3FB921C28DBA0087B56F /* SoundCell.swift */; };
		AA5E3FC221C29BDE0087B56F /* rain.mp3 in Resources */ = {isa = PBXBuildFile; fileRef = AA5E3FBC21C29BDE0087B56F /* rain.mp3 */; };
		AA5E3FC321C29BDE0087B56F /* guitar-songs.mp3 in Resources */ = {isa = PBXBuildFile; fileRef = AA5E3FBD21C29BDE0087B56F /* guitar-songs.mp3 */; };
		AA5E3FC421C29BDE0087B56F /* water-stream.wav in Resources */ = {isa = PBXBuildFile; fileRef = AA5E3FBE21C29BDE0087B56F /* water-stream.wav */; };
		AA5E3FC521C29BDE0087B56F /* nature.mp3 in Resources */ = {isa = PBXBuildFile; fileRef = AA5E3FBF21C29BDE0087B56F /* nature.mp3 */; };
		AA5E3FC621C29BDE0087B56F /* guitar-chord.wav in Resources */ = {isa = PBXBuildFile; fileRef = AA5E3FC021C29BDE0087B56F /* guitar-chord.wav */; };
		AA5E3FC721C29BDE0087B56F /* rain-thunder.ogg in Resources */ = {isa = PBXBuildFile; fileRef = AA5E3FC121C29BDE0087B56F /* rain-thunder.ogg */; };
		AAD2442921C2A4CF008B1EFE /* Soundable.framework in Frameworks */ = {isa = PBXBuildFile; fileRef = AAD2442821C2A4CF008B1EFE /* Soundable.framework */; };
		AAD2442A21C2A4CF008B1EFE /* Soundable.framework in Embed Frameworks */ = {isa = PBXBuildFile; fileRef = AAD2442821C2A4CF008B1EFE /* Soundable.framework */; settings = {ATTRIBUTES = (CodeSignOnCopy, RemoveHeadersOnCopy, ); }; };
/* End PBXBuildFile section */

/* Begin PBXCopyFilesBuildPhase section */
		AAD2442B21C2A4CF008B1EFE /* Embed Frameworks */ = {
			isa = PBXCopyFilesBuildPhase;
			buildActionMask = 2147483647;
			dstPath = "";
			dstSubfolderSpec = 10;
			files = (
				AAD2442A21C2A4CF008B1EFE /* Soundable.framework in Embed Frameworks */,
			);
			name = "Embed Frameworks";
			runOnlyForDeploymentPostprocessing = 0;
		};
/* End PBXCopyFilesBuildPhase section */

/* Begin PBXFileReference section */
		AA5E3F4F21C283D80087B56F /* iOS Example.app */ = {isa = PBXFileReference; explicitFileType = wrapper.application; includeInIndex = 0; path = "iOS Example.app"; sourceTree = BUILT_PRODUCTS_DIR; };
		AA5E3F5221C283D80087B56F /* AppDelegate.swift */ = {isa = PBXFileReference; lastKnownFileType = sourcecode.swift; path = AppDelegate.swift; sourceTree = "<group>"; };
		AA5E3F5421C283D80087B56F /* ViewController.swift */ = {isa = PBXFileReference; lastKnownFileType = sourcecode.swift; path = ViewController.swift; sourceTree = "<group>"; };
		AA5E3F5721C283D80087B56F /* Base */ = {isa = PBXFileReference; lastKnownFileType = file.storyboard; name = Base; path = Base.lproj/Main.storyboard; sourceTree = "<group>"; };
		AA5E3F5921C283D90087B56F /* Assets.xcassets */ = {isa = PBXFileReference; lastKnownFileType = folder.assetcatalog; path = Assets.xcassets; sourceTree = "<group>"; };
		AA5E3F5C21C283D90087B56F /* Base */ = {isa = PBXFileReference; lastKnownFileType = file.storyboard; name = Base; path = Base.lproj/LaunchScreen.storyboard; sourceTree = "<group>"; };
		AA5E3F5E21C283D90087B56F /* Info.plist */ = {isa = PBXFileReference; lastKnownFileType = text.plist.xml; path = Info.plist; sourceTree = "<group>"; };
		AA5E3FB921C28DBA0087B56F /* SoundCell.swift */ = {isa = PBXFileReference; fileEncoding = 4; lastKnownFileType = sourcecode.swift; path = SoundCell.swift; sourceTree = "<group>"; };
		AA5E3FBC21C29BDE0087B56F /* rain.mp3 */ = {isa = PBXFileReference; lastKnownFileType = audio.mp3; name = rain.mp3; path = "iOS Example/Resources/Sounds/rain.mp3"; sourceTree = SOURCE_ROOT; };
		AA5E3FBD21C29BDE0087B56F /* guitar-songs.mp3 */ = {isa = PBXFileReference; lastKnownFileType = audio.mp3; name = "guitar-songs.mp3"; path = "iOS Example/Resources/Sounds/guitar-songs.mp3"; sourceTree = SOURCE_ROOT; };
		AA5E3FBE21C29BDE0087B56F /* water-stream.wav */ = {isa = PBXFileReference; lastKnownFileType = audio.wav; name = "water-stream.wav"; path = "iOS Example/Resources/Sounds/water-stream.wav"; sourceTree = SOURCE_ROOT; };
		AA5E3FBF21C29BDE0087B56F /* nature.mp3 */ = {isa = PBXFileReference; lastKnownFileType = audio.mp3; name = nature.mp3; path = "iOS Example/Resources/Sounds/nature.mp3"; sourceTree = SOURCE_ROOT; };
		AA5E3FC021C29BDE0087B56F /* guitar-chord.wav */ = {isa = PBXFileReference; lastKnownFileType = audio.wav; name = "guitar-chord.wav"; path = "iOS Example/Resources/Sounds/guitar-chord.wav"; sourceTree = SOURCE_ROOT; };
		AA5E3FC121C29BDE0087B56F /* rain-thunder.ogg */ = {isa = PBXFileReference; lastKnownFileType = file; name = "rain-thunder.ogg"; path = "iOS Example/Resources/Sounds/rain-thunder.ogg"; sourceTree = SOURCE_ROOT; };
		AAD2442821C2A4CF008B1EFE /* Soundable.framework */ = {isa = PBXFileReference; explicitFileType = wrapper.framework; path = Soundable.framework; sourceTree = BUILT_PRODUCTS_DIR; };
/* End PBXFileReference section */

/* Begin PBXFrameworksBuildPhase section */
		AA5E3F4C21C283D80087B56F /* Frameworks */ = {
			isa = PBXFrameworksBuildPhase;
			buildActionMask = 2147483647;
			files = (
				AAD2442921C2A4CF008B1EFE /* Soundable.framework in Frameworks */,
			);
			runOnlyForDeploymentPostprocessing = 0;
		};
/* End PBXFrameworksBuildPhase section */

/* Begin PBXGroup section */
		AA5E3F4621C283D80087B56F = {
			isa = PBXGroup;
			children = (
				AAD2442821C2A4CF008B1EFE /* Soundable.framework */,
				AA5E3F5121C283D80087B56F /* iOS Example */,
				AA5E3F5021C283D80087B56F /* Products */,
			);
			sourceTree = "<group>";
		};
		AA5E3F5021C283D80087B56F /* Products */ = {
			isa = PBXGroup;
			children = (
				AA5E3F4F21C283D80087B56F /* iOS Example.app */,
			);
			name = Products;
			sourceTree = "<group>";
		};
		AA5E3F5121C283D80087B56F /* iOS Example */ = {
			isa = PBXGroup;
			children = (
				AA5E3F5221C283D80087B56F /* AppDelegate.swift */,
				AA5E3F5421C283D80087B56F /* ViewController.swift */,
				AA5E3FB921C28DBA0087B56F /* SoundCell.swift */,
				AA5E3F6521C2849D0087B56F /* Resources */,
				AA5E3F6621C284A80087B56F /* Supporting files */,
			);
			path = "iOS Example";
			sourceTree = "<group>";
		};
		AA5E3F6521C2849D0087B56F /* Resources */ = {
			isa = PBXGroup;
			children = (
				AA5E3FBB21C29BD30087B56F /* Sounds */,
				AA5E3F5921C283D90087B56F /* Assets.xcassets */,
				AA5E3F5621C283D80087B56F /* Main.storyboard */,
				AA5E3F5B21C283D90087B56F /* LaunchScreen.storyboard */,
			);
			path = Resources;
			sourceTree = "<group>";
		};
		AA5E3F6621C284A80087B56F /* Supporting files */ = {
			isa = PBXGroup;
			children = (
				AA5E3F5E21C283D90087B56F /* Info.plist */,
			);
			path = "Supporting files";
			sourceTree = "<group>";
		};
		AA5E3FBB21C29BD30087B56F /* Sounds */ = {
			isa = PBXGroup;
			children = (
				AA5E3FC021C29BDE0087B56F /* guitar-chord.wav */,
				AA5E3FBD21C29BDE0087B56F /* guitar-songs.mp3 */,
				AA5E3FBF21C29BDE0087B56F /* nature.mp3 */,
				AA5E3FC121C29BDE0087B56F /* rain-thunder.ogg */,
				AA5E3FBC21C29BDE0087B56F /* rain.mp3 */,
				AA5E3FBE21C29BDE0087B56F /* water-stream.wav */,
			);
			path = Sounds;
			sourceTree = "<group>";
		};
/* End PBXGroup section */

/* Begin PBXNativeTarget section */
		AA5E3F4E21C283D80087B56F /* iOS Example */ = {
			isa = PBXNativeTarget;
			buildConfigurationList = AA5E3F6121C283D90087B56F /* Build configuration list for PBXNativeTarget "iOS Example" */;
			buildPhases = (
				AA5E3F4B21C283D80087B56F /* Sources */,
				AA5E3F4C21C283D80087B56F /* Frameworks */,
				AA5E3F4D21C283D80087B56F /* Resources */,
				AAD2442B21C2A4CF008B1EFE /* Embed Frameworks */,
			);
			buildRules = (
			);
			dependencies = (
			);
			name = "iOS Example";
			productName = "iOS Example";
			productReference = AA5E3F4F21C283D80087B56F /* iOS Example.app */;
			productType = "com.apple.product-type.application";
		};
/* End PBXNativeTarget section */

/* Begin PBXProject section */
		AA5E3F4721C283D80087B56F /* Project object */ = {
			isa = PBXProject;
			attributes = {
				LastSwiftUpdateCheck = 1010;
				LastUpgradeCheck = 1010;
				ORGANIZATIONNAME = ThXou;
				TargetAttributes = {
					AA5E3F4E21C283D80087B56F = {
						CreatedOnToolsVersion = 10.1;
					};
				};
			};
			buildConfigurationList = AA5E3F4A21C283D80087B56F /* Build configuration list for PBXProject "iOS Example" */;
			compatibilityVersion = "Xcode 9.3";
			developmentRegion = en;
			hasScannedForEncodings = 0;
			knownRegions = (
				en,
				Base,
			);
			mainGroup = AA5E3F4621C283D80087B56F;
			productRefGroup = AA5E3F5021C283D80087B56F /* Products */;
			projectDirPath = "";
			projectRoot = "";
			targets = (
				AA5E3F4E21C283D80087B56F /* iOS Example */,
			);
		};
/* End PBXProject section */

/* Begin PBXResourcesBuildPhase section */
		AA5E3F4D21C283D80087B56F /* Resources */ = {
			isa = PBXResourcesBuildPhase;
			buildActionMask = 2147483647;
			files = (
				AA5E3FC221C29BDE0087B56F /* rain.mp3 in Resources */,
				AA5E3F5D21C283D90087B56F /* LaunchScreen.storyboard in Resources */,
				AA5E3FC421C29BDE0087B56F /* water-stream.wav in Resources */,
				AA5E3FC721C29BDE0087B56F /* rain-thunder.ogg in Resources */,
				AA5E3FC521C29BDE0087B56F /* nature.mp3 in Resources */,
				AA5E3F5A21C283D90087B56F /* Assets.xcassets in Resources */,
				AA5E3FC621C29BDE0087B56F /* guitar-chord.wav in Resources */,
				AA5E3FC321C29BDE0087B56F /* guitar-songs.mp3 in Resources */,
				AA5E3F5821C283D80087B56F /* Main.storyboard in Resources */,
			);
			runOnlyForDeploymentPostprocessing = 0;
		};
/* End PBXResourcesBuildPhase section */

/* Begin PBXSourcesBuildPhase section */
		AA5E3F4B21C283D80087B56F /* Sources */ = {
			isa = PBXSourcesBuildPhase;
			buildActionMask = 2147483647;
			files = (
				AA5E3FBA21C28DBA0087B56F /* SoundCell.swift in Sources */,
				AA5E3F5521C283D80087B56F /* ViewController.swift in Sources */,
				AA5E3F5321C283D80087B56F /* AppDelegate.swift in Sources */,
			);
			runOnlyForDeploymentPostprocessing = 0;
		};
/* End PBXSourcesBuildPhase section */

/* Begin PBXVariantGroup section */
		AA5E3F5621C283D80087B56F /* Main.storyboard */ = {
			isa = PBXVariantGroup;
			children = (
				AA5E3F5721C283D80087B56F /* Base */,
			);
			name = Main.storyboard;
			sourceTree = "<group>";
		};
		AA5E3F5B21C283D90087B56F /* LaunchScreen.storyboard */ = {
			isa = PBXVariantGroup;
			children = (
				AA5E3F5C21C283D90087B56F /* Base */,
			);
			name = LaunchScreen.storyboard;
			sourceTree = "<group>";
		};
/* End PBXVariantGroup section */

/* Begin XCBuildConfiguration section */
		AA5E3F5F21C283D90087B56F /* Debug */ = {
			isa = XCBuildConfiguration;
			buildSettings = {
				ALWAYS_SEARCH_USER_PATHS = NO;
				CLANG_ANALYZER_NONNULL = YES;
				CLANG_ANALYZER_NUMBER_OBJECT_CONVERSION = YES_AGGRESSIVE;
				CLANG_CXX_LANGUAGE_STANDARD = "gnu++14";
				CLANG_CXX_LIBRARY = "libc++";
				CLANG_ENABLE_MODULES = YES;
				CLANG_ENABLE_OBJC_ARC = YES;
				CLANG_ENABLE_OBJC_WEAK = YES;
				CLANG_WARN_BLOCK_CAPTURE_AUTORELEASING = YES;
				CLANG_WARN_BOOL_CONVERSION = YES;
				CLANG_WARN_COMMA = YES;
				CLANG_WARN_CONSTANT_CONVERSION = YES;
				CLANG_WARN_DEPRECATED_OBJC_IMPLEMENTATIONS = YES;
				CLANG_WARN_DIRECT_OBJC_ISA_USAGE = YES_ERROR;
				CLANG_WARN_DOCUMENTATION_COMMENTS = YES;
				CLANG_WARN_EMPTY_BODY = YES;
				CLANG_WARN_ENUM_CONVERSION = YES;
				CLANG_WARN_INFINITE_RECURSION = YES;
				CLANG_WARN_INT_CONVERSION = YES;
				CLANG_WARN_NON_LITERAL_NULL_CONVERSION = YES;
				CLANG_WARN_OBJC_IMPLICIT_RETAIN_SELF = YES;
				CLANG_WARN_OBJC_LITERAL_CONVERSION = YES;
				CLANG_WARN_OBJC_ROOT_CLASS = YES_ERROR;
				CLANG_WARN_RANGE_LOOP_ANALYSIS = YES;
				CLANG_WARN_STRICT_PROTOTYPES = YES;
				CLANG_WARN_SUSPICIOUS_MOVE = YES;
				CLANG_WARN_UNGUARDED_AVAILABILITY = YES_AGGRESSIVE;
				CLANG_WARN_UNREACHABLE_CODE = YES;
				CLANG_WARN__DUPLICATE_METHOD_MATCH = YES;
				CODE_SIGN_IDENTITY = "iPhone Developer";
				COPY_PHASE_STRIP = NO;
				DEBUG_INFORMATION_FORMAT = dwarf;
				ENABLE_STRICT_OBJC_MSGSEND = YES;
				ENABLE_TESTABILITY = YES;
				GCC_C_LANGUAGE_STANDARD = gnu11;
				GCC_DYNAMIC_NO_PIC = NO;
				GCC_NO_COMMON_BLOCKS = YES;
				GCC_OPTIMIZATION_LEVEL = 0;
				GCC_PREPROCESSOR_DEFINITIONS = (
					"DEBUG=1",
					"$(inherited)",
				);
				GCC_WARN_64_TO_32_BIT_CONVERSION = YES;
				GCC_WARN_ABOUT_RETURN_TYPE = YES_ERROR;
				GCC_WARN_UNDECLARED_SELECTOR = YES;
				GCC_WARN_UNINITIALIZED_AUTOS = YES_AGGRESSIVE;
				GCC_WARN_UNUSED_FUNCTION = YES;
				GCC_WARN_UNUSED_VARIABLE = YES;
				IPHONEOS_DEPLOYMENT_TARGET = 9.0;
				MTL_ENABLE_DEBUG_INFO = INCLUDE_SOURCE;
				MTL_FAST_MATH = YES;
				ONLY_ACTIVE_ARCH = YES;
				SDKROOT = iphoneos;
				SWIFT_ACTIVE_COMPILATION_CONDITIONS = DEBUG;
				SWIFT_OPTIMIZATION_LEVEL = "-Onone";
			};
			name = Debug;
		};
		AA5E3F6021C283D90087B56F /* Release */ = {
			isa = XCBuildConfiguration;
			buildSettings = {
				ALWAYS_SEARCH_USER_PATHS = NO;
				CLANG_ANALYZER_NONNULL = YES;
				CLANG_ANALYZER_NUMBER_OBJECT_CONVERSION = YES_AGGRESSIVE;
				CLANG_CXX_LANGUAGE_STANDARD = "gnu++14";
				CLANG_CXX_LIBRARY = "libc++";
				CLANG_ENABLE_MODULES = YES;
				CLANG_ENABLE_OBJC_ARC = YES;
				CLANG_ENABLE_OBJC_WEAK = YES;
				CLANG_WARN_BLOCK_CAPTURE_AUTORELEASING = YES;
				CLANG_WARN_BOOL_CONVERSION = YES;
				CLANG_WARN_COMMA = YES;
				CLANG_WARN_CONSTANT_CONVERSION = YES;
				CLANG_WARN_DEPRECATED_OBJC_IMPLEMENTATIONS = YES;
				CLANG_WARN_DIRECT_OBJC_ISA_USAGE = YES_ERROR;
				CLANG_WARN_DOCUMENTATION_COMMENTS = YES;
				CLANG_WARN_EMPTY_BODY = YES;
				CLANG_WARN_ENUM_CONVERSION = YES;
				CLANG_WARN_INFINITE_RECURSION = YES;
				CLANG_WARN_INT_CONVERSION = YES;
				CLANG_WARN_NON_LITERAL_NULL_CONVERSION = YES;
				CLANG_WARN_OBJC_IMPLICIT_RETAIN_SELF = YES;
				CLANG_WARN_OBJC_LITERAL_CONVERSION = YES;
				CLANG_WARN_OBJC_ROOT_CLASS = YES_ERROR;
				CLANG_WARN_RANGE_LOOP_ANALYSIS = YES;
				CLANG_WARN_STRICT_PROTOTYPES = YES;
				CLANG_WARN_SUSPICIOUS_MOVE = YES;
				CLANG_WARN_UNGUARDED_AVAILABILITY = YES_AGGRESSIVE;
				CLANG_WARN_UNREACHABLE_CODE = YES;
				CLANG_WARN__DUPLICATE_METHOD_MATCH = YES;
				CODE_SIGN_IDENTITY = "iPhone Developer";
				COPY_PHASE_STRIP = NO;
				DEBUG_INFORMATION_FORMAT = "dwarf-with-dsym";
				ENABLE_NS_ASSERTIONS = NO;
				ENABLE_STRICT_OBJC_MSGSEND = YES;
				GCC_C_LANGUAGE_STANDARD = gnu11;
				GCC_NO_COMMON_BLOCKS = YES;
				GCC_WARN_64_TO_32_BIT_CONVERSION = YES;
				GCC_WARN_ABOUT_RETURN_TYPE = YES_ERROR;
				GCC_WARN_UNDECLARED_SELECTOR = YES;
				GCC_WARN_UNINITIALIZED_AUTOS = YES_AGGRESSIVE;
				GCC_WARN_UNUSED_FUNCTION = YES;
				GCC_WARN_UNUSED_VARIABLE = YES;
				IPHONEOS_DEPLOYMENT_TARGET = 9.0;
				MTL_ENABLE_DEBUG_INFO = NO;
				MTL_FAST_MATH = YES;
				SDKROOT = iphoneos;
				SWIFT_COMPILATION_MODE = wholemodule;
				SWIFT_OPTIMIZATION_LEVEL = "-O";
				VALIDATE_PRODUCT = YES;
			};
			name = Release;
		};
		AA5E3F6221C283D90087B56F /* Debug */ = {
			isa = XCBuildConfiguration;
			buildSettings = {
				ASSETCATALOG_COMPILER_APPICON_NAME = AppIcon;
				CODE_SIGN_STYLE = Automatic;
				DEVELOPMENT_TEAM = BZ3VSUA92U;
				INFOPLIST_FILE = "$(SRCROOT)/iOS Example/Supporting files/Info.plist";
				LD_RUNPATH_SEARCH_PATHS = (
					"$(inherited)",
					"@executable_path/Frameworks",
				);
				PRODUCT_BUNDLE_IDENTIFIER = "com.thxou.iOS-Example";
				PRODUCT_NAME = "$(TARGET_NAME)";
				SWIFT_VERSION = 4.2;
				TARGETED_DEVICE_FAMILY = "1,2";
			};
			name = Debug;
		};
		AA5E3F6321C283D90087B56F /* Release */ = {
			isa = XCBuildConfiguration;
			buildSettings = {
				ASSETCATALOG_COMPILER_APPICON_NAME = AppIcon;
				CODE_SIGN_STYLE = Automatic;
				DEVELOPMENT_TEAM = BZ3VSUA92U;
				INFOPLIST_FILE = "$(SRCROOT)/iOS Example/Supporting files/Info.plist";
				LD_RUNPATH_SEARCH_PATHS = (
					"$(inherited)",
					"@executable_path/Frameworks",
				);
				PRODUCT_BUNDLE_IDENTIFIER = "com.thxou.iOS-Example";
				PRODUCT_NAME = "$(TARGET_NAME)";
				SWIFT_VERSION = 4.2;
				TARGETED_DEVICE_FAMILY = "1,2";
			};
			name = Release;
		};
/* End XCBuildConfiguration section */

/* Begin XCConfigurationList section */
		AA5E3F4A21C283D80087B56F /* Build configuration list for PBXProject "iOS Example" */ = {
			isa = XCConfigurationList;
			buildConfigurations = (
				AA5E3F5F21C283D90087B56F /* Debug */,
				AA5E3F6021C283D90087B56F /* Release */,
			);
			defaultConfigurationIsVisible = 0;
			defaultConfigurationName = Release;
		};
		AA5E3F6121C283D90087B56F /* Build configuration list for PBXNativeTarget "iOS Example" */ = {
			isa = XCConfigurationList;
			buildConfigurations = (
				AA5E3F6221C283D90087B56F /* Debug */,
				AA5E3F6321C283D90087B56F /* Release */,
			);
			defaultConfigurationIsVisible = 0;
			defaultConfigurationName = Release;
		};
/* End XCConfigurationList section */
	};
	rootObject = AA5E3F4721C283D80087B56F /* Project object */;
}
